#MicroXplorer Configuration settings - do not modify
Dma.Request0=TIM3_CH1/TRIG
Dma.Request1=TIM3_CH3
Dma.RequestsNb=2
Dma.TIM3_CH1/TRIG.0.Direction=DMA_MEMORY_TO_PERIPH
Dma.TIM3_CH1/TRIG.0.FIFOMode=DMA_FIFOMODE_DISABLE
Dma.TIM3_CH1/TRIG.0.Instance=DMA1_Stream4
Dma.TIM3_CH1/TRIG.0.MemDataAlignment=DMA_MDATAALIGN_HALFWORD
Dma.TIM3_CH1/TRIG.0.MemInc=DMA_MINC_ENABLE
Dma.TIM3_CH1/TRIG.0.Mode=DMA_CIRCULAR
Dma.TIM3_CH1/TRIG.0.PeriphDataAlignment=DMA_PDATAALIGN_HALFWORD
Dma.TIM3_CH1/TRIG.0.PeriphInc=DMA_PINC_DISABLE
Dma.TIM3_CH1/TRIG.0.Priority=DMA_PRIORITY_LOW
Dma.TIM3_CH1/TRIG.0.RequestParameters=Instance,Direction,PeriphInc,MemInc,PeriphDataAlignment,MemDataAlignment,Mode,Priority,FIFOMode
Dma.TIM3_CH3.1.Direction=DMA_PERIPH_TO_MEMORY
Dma.TIM3_CH3.1.FIFOMode=DMA_FIFOMODE_DISABLE
Dma.TIM3_CH3.1.Instance=DMA1_Stream7
Dma.TIM3_CH3.1.MemDataAlignment=DMA_MDATAALIGN_HALFWORD
Dma.TIM3_CH3.1.MemInc=DMA_MINC_ENABLE
Dma.TIM3_CH3.1.Mode=DMA_CIRCULAR
Dma.TIM3_CH3.1.PeriphDataAlignment=DMA_PDATAALIGN_HALFWORD
Dma.TIM3_CH3.1.PeriphInc=DMA_PINC_DISABLE
Dma.TIM3_CH3.1.Priority=DMA_PRIORITY_LOW
Dma.TIM3_CH3.1.RequestParameters=Instance,Direction,PeriphInc,MemInc,PeriphDataAlignment,MemDataAlignment,Mode,Priority,FIFOMode
File.Version=6
GPIO.groupedBy=Group By Peripherals
KeepUserPlacement=false
Mcu.Family=STM32F4
Mcu.IP0=DMA
Mcu.IP1=NVIC
Mcu.IP2=RCC
Mcu.IP3=SYS
Mcu.IP4=TIM3
Mcu.IP5=TIM4
Mcu.IP6=TIM7
Mcu.IP7=USB_DEVICE
Mcu.IP8=USB_OTG_FS
Mcu.IPNb=9
Mcu.Name=STM32F405RGTx
Mcu.Package=LQFP64
Mcu.Pin0=PC13-ANTI_TAMP
Mcu.Pin1=PH0-OSC_IN
Mcu.Pin10=PA14
Mcu.Pin11=VP_SYS_VS_Systick
Mcu.Pin12=VP_TIM3_VS_ClockSourceINT
Mcu.Pin13=VP_TIM4_VS_ClockSourceINT
Mcu.Pin14=VP_TIM7_VS_ClockSourceINT
Mcu.Pin15=VP_USB_DEVICE_VS_USB_DEVICE_CDC_FS
Mcu.Pin16=VP_STMicroelectronics.X-CUBE-ALGOBUILD_VS_DSPOoLibraryJjLibrary_1.1.0
Mcu.Pin2=PH1-OSC_OUT
Mcu.Pin3=PC0
Mcu.Pin4=PC1
Mcu.Pin5=PB0
Mcu.Pin6=PC6
Mcu.Pin7=PA11
Mcu.Pin8=PA12
Mcu.Pin9=PA13
Mcu.PinsNb=17
Mcu.ThirdParty0=STMicroelectronics.X-CUBE-ALGOBUILD.1.1.0
Mcu.ThirdPartyNb=1
Mcu.UserConstants=
Mcu.UserName=STM32F405RGTx
MxCube.Version=6.1.1
MxDb.Version=DB.6.0.10
NVIC.BusFault_IRQn=true\:0\:0\:false\:false\:true\:false\:false
NVIC.DMA1_Stream4_IRQn=true\:1\:0\:true\:false\:true\:false\:true
NVIC.DMA1_Stream7_IRQn=true\:0\:0\:false\:false\:true\:false\:true
NVIC.DebugMonitor_IRQn=true\:0\:0\:false\:false\:true\:false\:false
NVIC.ForceEnableDMAVector=true
NVIC.HardFault_IRQn=true\:0\:0\:false\:false\:true\:false\:false
NVIC.MemoryManagement_IRQn=true\:0\:0\:false\:false\:true\:false\:false
NVIC.NonMaskableInt_IRQn=true\:0\:0\:false\:false\:true\:false\:false
NVIC.OTG_FS_IRQn=true\:0\:0\:false\:false\:true\:false\:true
NVIC.PendSV_IRQn=true\:0\:0\:false\:false\:true\:false\:false
NVIC.PriorityGroup=NVIC_PRIORITYGROUP_4
NVIC.SVCall_IRQn=true\:0\:0\:false\:false\:true\:false\:false
NVIC.SysTick_IRQn=true\:0\:0\:false\:false\:true\:false\:true
NVIC.TIM4_IRQn=true\:0\:0\:false\:false\:true\:true\:true
NVIC.TIM7_IRQn=true\:2\:0\:true\:false\:true\:true\:true
NVIC.UsageFault_IRQn=true\:0\:0\:false\:false\:true\:false\:false
PA11.Mode=Device_Only
PA11.Signal=USB_OTG_FS_DM
PA12.Mode=Device_Only
PA12.Signal=USB_OTG_FS_DP
PA13.Mode=Serial_Wire
PA13.Signal=SYS_JTMS-SWDIO
PA14.Mode=Serial_Wire
PA14.Signal=SYS_JTCK-SWCLK
PB0.Signal=S_TIM3_CH3
PC0.GPIOParameters=GPIO_Label
PC0.GPIO_Label=CALC
PC0.Locked=true
PC0.Signal=GPIO_Output
PC1.GPIOParameters=GPIO_Label
PC1.GPIO_Label=BUFF
PC1.Locked=true
PC1.Signal=GPIO_Output
PC13-ANTI_TAMP.GPIOParameters=PinState,GPIO_Label
PC13-ANTI_TAMP.GPIO_Label=BUILTIN_LED
PC13-ANTI_TAMP.Locked=true
PC13-ANTI_TAMP.PinState=GPIO_PIN_SET
PC13-ANTI_TAMP.Signal=GPIO_Output
PC6.GPIOParameters=GPIO_Label
PC6.GPIO_Label=RGB_LED
PC6.Locked=true
PC6.Signal=S_TIM3_CH1
PH0-OSC_IN.Mode=HSE-External-Oscillator
PH0-OSC_IN.Signal=RCC_OSC_IN
PH1-OSC_OUT.Mode=HSE-External-Oscillator
PH1-OSC_OUT.Signal=RCC_OSC_OUT
PinOutPanel.RotationAngle=0
ProjectManager.AskForMigrate=true
ProjectManager.BackupPrevious=false
ProjectManager.CompilerOptimize=6
ProjectManager.ComputerToolchain=false
ProjectManager.CoupleFile=false
ProjectManager.CustomerFirmwarePackage=
ProjectManager.DefaultFWLocation=true
ProjectManager.DeletePrevious=true
ProjectManager.DeviceId=STM32F405RGTx
ProjectManager.FirmwarePackage=STM32Cube FW_F4 V1.25.2
ProjectManager.FreePins=false
ProjectManager.HalAssertFull=false
ProjectManager.HeapSize=0x400
ProjectManager.KeepUserCode=true
ProjectManager.LastFirmware=true
ProjectManager.LibraryCopy=1
ProjectManager.MainLocation=Core/Src
ProjectManager.NoMain=false
ProjectManager.PreviousToolchain=
ProjectManager.ProjectBuild=false
ProjectManager.ProjectFileName=leds.ioc
ProjectManager.ProjectName=leds
ProjectManager.RegisterCallBack=
ProjectManager.StackSize=0x800
ProjectManager.TargetToolchain=STM32CubeIDE
ProjectManager.ToolChainLocation=
ProjectManager.UnderRoot=true
ProjectManager.functionlistsort=1-MX_GPIO_Init-GPIO-false-HAL-true,2-MX_DMA_Init-DMA-false-HAL-true,3-SystemClock_Config-RCC-false-HAL-false,4-MX_TIM7_Init-TIM7-false-HAL-true,5-MX_TIM3_Init-TIM3-false-HAL-true,6-MX_TIM4_Init-TIM4-false-HAL-true,7-MX_USB_DEVICE_Init-USB_DEVICE-false-HAL-false
RCC.48MHZClocksFreq_Value=48000000
RCC.AHBFreq_Value=168000000
RCC.APB1CLKDivider=RCC_HCLK_DIV4
RCC.APB1Freq_Value=42000000
RCC.APB1TimFreq_Value=84000000
RCC.APB2CLKDivider=RCC_HCLK_DIV2
RCC.APB2Freq_Value=84000000
RCC.APB2TimFreq_Value=168000000
RCC.CortexFreq_Value=168000000
RCC.EthernetFreq_Value=168000000
RCC.FCLKCortexFreq_Value=168000000
RCC.FamilyName=M
RCC.HCLKFreq_Value=168000000
RCC.HSE_Timout=200
RCC.HSE_VALUE=8000000
RCC.HSI_VALUE=16000000
RCC.I2SClocksFreq_Value=192000000
RCC.IPParameters=48MHZClocksFreq_Value,AHBFreq_Value,APB1CLKDivider,APB1Freq_Value,APB1TimFreq_Value,APB2CLKDivider,APB2Freq_Value,APB2TimFreq_Value,CortexFreq_Value,EthernetFreq_Value,FCLKCortexFreq_Value,FamilyName,HCLKFreq_Value,HSE_Timout,HSE_VALUE,HSI_VALUE,I2SClocksFreq_Value,LSE_VALUE,LSI_VALUE,MCO2PinFreq_Value,PLLCLKFreq_Value,PLLM,PLLN,PLLQ,PLLQCLKFreq_Value,RTCFreq_Value,RTCHSEDivFreq_Value,SYSCLKFreq_VALUE,SYSCLKSource,VCOI2SOutputFreq_Value,VCOInputFreq_Value,VCOOutputFreq_Value,VDD_VALUE,VcooutputI2S
RCC.LSE_VALUE=32768
RCC.LSI_VALUE=32000
RCC.MCO2PinFreq_Value=168000000
RCC.PLLCLKFreq_Value=168000000
RCC.PLLM=4
RCC.PLLN=168
RCC.PLLQ=7
RCC.PLLQCLKFreq_Value=48000000
RCC.RTCFreq_Value=32000
RCC.RTCHSEDivFreq_Value=4000000
RCC.SYSCLKFreq_VALUE=168000000
RCC.SYSCLKSource=RCC_SYSCLKSOURCE_PLLCLK
RCC.VCOI2SOutputFreq_Value=384000000
RCC.VCOInputFreq_Value=2000000
RCC.VCOOutputFreq_Value=336000000
RCC.VDD_VALUE=3.2
RCC.VcooutputI2S=192000000
SH.S_TIM3_CH1.0=TIM3_CH1,PWM Generation1 CH1
SH.S_TIM3_CH1.ConfNb=1
SH.S_TIM3_CH3.0=TIM3_CH3,PWM Generation3 CH3
SH.S_TIM3_CH3.ConfNb=1
STMicroelectronics.X-CUBE-ALGOBUILD.1.1.0.DSPOoLibraryJjLibrary_Checked=true
STMicroelectronics.X-CUBE-ALGOBUILD.1.1.0.IPParameters=LibraryCcDSPOoLibraryJjDSPOoLibrary
STMicroelectronics.X-CUBE-ALGOBUILD.1.1.0.LibraryCcDSPOoLibraryJjDSPOoLibrary=true
STMicroelectronics.X-CUBE-ALGOBUILD.1.1.0_SwParameter=LibraryCcDSPOoLibraryJjDSPOoLibrary\:true;
TIM3.Channel-PWM\ Generation1\ CH1=TIM_CHANNEL_1
TIM3.Channel-PWM\ Generation3\ CH3=TIM_CHANNEL_3
TIM3.IPParameters=Channel-PWM Generation1 CH1,Period,TIM_MasterOutputTrigger,Channel-PWM Generation3 CH3
TIM3.Period=104
TIM3.TIM_MasterOutputTrigger=TIM_TRGO_UPDATE
TIM4.IPParameters=Prescaler,Period,TIM_MasterOutputTrigger
TIM4.Period=99
TIM4.Prescaler=8399
TIM4.TIM_MasterOutputTrigger=TIM_TRGO_UPDATE
TIM7.AutoReloadPreload=TIM_AUTORELOAD_PRELOAD_ENABLE
TIM7.IPParameters=Prescaler,Period,TIM_MasterOutputTrigger,AutoReloadPreload
TIM7.Period=4999
TIM7.Prescaler=8300
TIM7.TIM_MasterOutputTrigger=TIM_TRGO_UPDATE
USB_DEVICE.CLASS_NAME_FS=CDC
USB_DEVICE.IPParameters=VirtualModeFS,CLASS_NAME_FS,VirtualMode-CDC_FS,MANUFACTURER_STRING-CDC_FS,PRODUCT_STRING_CDC_FS,USBD_SELF_POWERED-CDC_FS
USB_DEVICE.MANUFACTURER_STRING-CDC_FS=LBThomsen
USB_DEVICE.PRODUCT_STRING_CDC_FS=LEDCtl
USB_DEVICE.USBD_SELF_POWERED-CDC_FS=0
USB_DEVICE.VirtualMode-CDC_FS=Cdc
USB_DEVICE.VirtualModeFS=Cdc_FS
USB_OTG_FS.IPParameters=VirtualMode,Sof_enable
USB_OTG_FS.Sof_enable=ENABLE
USB_OTG_FS.VirtualMode=Device_Only
VP_STMicroelectronics.X-CUBE-ALGOBUILD_VS_DSPOoLibraryJjLibrary_1.1.0.Mode=DSPOoLibraryJjLibrary
VP_STMicroelectronics.X-CUBE-ALGOBUILD_VS_DSPOoLibraryJjLibrary_1.1.0.Signal=STMicroelectronics.X-CUBE-ALGOBUILD_VS_DSPOoLibraryJjLibrary_1.1.0
VP_SYS_VS_Systick.Mode=SysTick
VP_SYS_VS_Systick.Signal=SYS_VS_Systick
VP_TIM3_VS_ClockSourceINT.Mode=Internal
VP_TIM3_VS_ClockSourceINT.Signal=TIM3_VS_ClockSourceINT
VP_TIM4_VS_ClockSourceINT.Mode=Internal
VP_TIM4_VS_ClockSourceINT.Signal=TIM4_VS_ClockSourceINT
VP_TIM7_VS_ClockSourceINT.Mode=Enable_Timer
VP_TIM7_VS_ClockSourceINT.Signal=TIM7_VS_ClockSourceINT
VP_USB_DEVICE_VS_USB_DEVICE_CDC_FS.Mode=CDC_FS
VP_USB_DEVICE_VS_USB_DEVICE_CDC_FS.Signal=USB_DEVICE_VS_USB_DEVICE_CDC_FS
board=custom
isbadioc=false
