#MicroXplorer Configuration settings - do not modify
Mcu.Family=STM32F4
PC3.Mode=Full_Duplex_Master
NVIC.OTG_HS_IRQn=true\:0\:0\:false\:false\:true\:false\:true
ProjectManager.MainLocation=Src
PH0-OSC_IN.Signal=RCC_OSC_IN
USART2.IPParameters=VirtualMode
RCC.CortexFreq_Value=72000000
ProjectManager.KeepUserCode=true
Mcu.UserName=STM32F405RGTx
FATFS0.BSP.semaphore=
FATFS0.BSP.api=Unknown
SPI2.VirtualType=VM_MASTER
PB10.Mode=Full_Duplex_Master
ADC2.Channel-0\#ChannelRegularConversion=ADC_CHANNEL_7
VP_FATFS_VS_SDIO.Mode=SDIO
RCC.PLLCLKFreq_Value=72000000
PC12.Signal=SDIO_CK
PC10.Signal=SDIO_D2
RCC.PLLQCLKFreq_Value=48000000
PC7.Locked=true
PA12.GPIOParameters=GPIO_Speed
ProjectManager.functionlistsort=1-MX_GPIO_Init-GPIO-false-HAL-true,2-SystemClock_Config-RCC-false-HAL-false,3-MX_ADC1_Init-ADC1-false-HAL-true,4-MX_ADC2_Init-ADC2-false-HAL-true,5-MX_CAN1_Init-CAN1-false-HAL-true,6-MX_CAN2_Init-CAN2-false-HAL-true,7-MX_DAC_Init-DAC-false-HAL-true,8-MX_I2C1_Init-I2C1-false-HAL-true,9-MX_SDIO_SD_Init-SDIO-false-HAL-true,10-MX_SPI2_Init-SPI2-false-HAL-true,11-MX_USART1_UART_Init-USART1-false-HAL-true,12-MX_USART2_UART_Init-USART2-false-HAL-true,13-MX_FATFS_Init-FATFS-false-HAL-false,14-MX_USB_DEVICE_Init-USB_DEVICE-false-HAL-false
RCC.RTCFreq_Value=32000
USART1.IPParameters=VirtualMode
PB15.Signal=USB_OTG_HS_DP
PB13.Signal=CAN2_TX
PinOutPanel.RotationAngle=0
RCC.SYSCLKSource=RCC_SYSCLKSOURCE_PLLCLK
ProjectManager.StackSize=0x400
PB5.GPIOParameters=GPIO_PuPd
SH.COMP_DAC2_group.0=DAC_OUT2,DAC_OUT2
Mcu.IP4=DAC
Mcu.IP5=FATFS
RCC.FCLKCortexFreq_Value=72000000
Mcu.IP2=CAN1
NVIC.SVCall_IRQn=true\:0\:0\:false\:false\:true\:false\:false
Mcu.IP3=CAN2
Mcu.IP0=ADC1
PA12.Locked=true
Mcu.IP1=ADC2
PA12.Signal=GPIO_Output
Mcu.UserConstants=
VP_FATFS_VS_SDIO.Signal=FATFS_VS_SDIO
Mcu.ThirdPartyNb=0
RCC.HCLKFreq_Value=72000000
Mcu.IPNb=16
RCC.I2SClocksFreq_Value=192000000
ProjectManager.PreviousToolchain=
RCC.APB2TimFreq_Value=72000000
PB6.Signal=I2C1_SCL
RCC.VcooutputI2S=192000000
PC7.Signal=GPIO_Input
PB6.Mode=I2C
PC3.Signal=SPI2_MOSI
SH.ADCx_IN7.ConfNb=1
Mcu.Pin6=PA4
Mcu.Pin7=PA5
Mcu.Pin8=PA6
Mcu.Pin9=PA7
RCC.AHBFreq_Value=72000000
PH0-OSC_IN.Mode=HSE-External-Oscillator
FATFS0.BSP.ip=GPIO
Mcu.Pin0=PH0-OSC_IN
Mcu.Pin1=PH1-OSC_OUT
GPIO.groupedBy=Group By Peripherals
Mcu.Pin2=PC2
Mcu.Pin3=PC3
Mcu.Pin4=PA2
Mcu.Pin5=PA3
ADC1.Channel-0\#ChannelRegularConversion=ADC_CHANNEL_6
ProjectManager.ProjectBuild=false
RCC.HSE_VALUE=16000000
NVIC.UsageFault_IRQn=true\:0\:0\:false\:false\:true\:false\:false
NVIC.DebugMonitor_IRQn=true\:0\:0\:false\:false\:true\:false\:false
PB3.Mode=JTAG_5_pins
FATFS0.BSP.i2caddr=0
Mcu.IP10=SPI2
PA15.Mode=JTAG_5_pins
NVIC.SysTick_IRQn=true\:0\:0\:false\:false\:true\:false\:true
Mcu.IP12=USART1
Mcu.IP11=SYS
ProjectManager.FirmwarePackage=STM32Cube FW_F4 V1.25.0
MxDb.Version=DB.5.0.60
Mcu.IP14=USB_DEVICE
PB4.Mode=JTAG_5_pins
Mcu.IP13=USART2
ProjectManager.BackupPrevious=false
Mcu.IP15=USB_OTG_HS
RCC.VCOInputFreq_Value=2000000
PA14.Mode=JTAG_5_pins
PB14.Mode=Device_Only_FS
File.Version=6
PC9.Mode=SD_4_bits_Wide_bus
SPI2.CalculateBaudRate=18.0 MBits/s
PB7.Signal=I2C1_SDA
PB8.Locked=true
NVIC.PendSV_IRQn=true\:0\:0\:false\:false\:true\:false\:false
SH.ADCx_IN6.ConfNb=1
USB_OTG_HS.IPParameters=VirtualMode-Device_Only_FS
ProjectManager.HalAssertFull=false
ADC1.SamplingTime-0\#ChannelRegularConversion=ADC_SAMPLETIME_3CYCLES
ProjectManager.ProjectName=firmware
PH1-OSC_OUT.Mode=HSE-External-Oscillator
RCC.MCO2PinFreq_Value=72000000
Mcu.Package=LQFP64
PB9.Signal=CAN1_TX
PA6.Signal=ADCx_IN6
PB12.Mode=Slave
SPI2.Mode=SPI_MODE_MASTER
VP_USB_DEVICE_VS_USB_DEVICE_DFU_HS.Mode=DFU_HS
USART2.VirtualMode=VM_ASYNC
SH.COMP_DAC1_group.ConfNb=1
FATFS0.BSP.solution=PB5
ProjectManager.ToolChainLocation=
RCC.LSI_VALUE=32000
VP_SYS_VS_Systick.Signal=SYS_VS_Systick
PA10.Signal=USART1_RX
PA15.Signal=SYS_JTDI
USB_DEVICE.CLASS_NAME_HS=DFU
ADC2.SamplingTime-0\#ChannelRegularConversion=ADC_SAMPLETIME_3CYCLES
PC11.Mode=SD_4_bits_Wide_bus
USB_DEVICE.VirtualModeHS=Dfu_HS
RCC.APB1TimFreq_Value=72000000
NVIC.BusFault_IRQn=true\:0\:0\:false\:false\:true\:false\:false
SPI2.Direction=SPI_DIRECTION_2LINES
PB13.Mode=Slave
ADC2.Rank-0\#ChannelRegularConversion=1
ProjectManager.CustomerFirmwarePackage=
PA12.GPIO_Speed=GPIO_SPEED_FREQ_LOW
PB4.Signal=SYS_JTRST
PA3.Signal=USART2_RX
CAN1.CalculateTimeQuantum=444.44444444444446
SH.COMP_DAC2_group.ConfNb=1
SH.COMP_DAC1_group.0=DAC_OUT1,DAC_OUT1
FATFS0.BSP.STBoard=false
ProjectManager.ProjectFileName=firmware.ioc
ADC1.Rank-0\#ChannelRegularConversion=1
Mcu.PinsNb=39
PA10.Mode=Asynchronous
ProjectManager.NoMain=false
SH.ADCx_IN6.0=ADC1_IN6,IN6
ADC1.IPParameters=Rank-0\#ChannelRegularConversion,master,Channel-0\#ChannelRegularConversion,SamplingTime-0\#ChannelRegularConversion,NbrOfConversionFlag
PC11.Signal=SDIO_D3
CAN1.IPParameters=CalculateTimeQuantum
FATFS0.BSP.mode=Input
CAN2.IPParameters=CalculateTimeQuantum
PC8.Signal=SDIO_D0
PC2.Signal=SPI2_MISO
PC6.Signal=GPIO_Input
PC10.Mode=SD_4_bits_Wide_bus
ProjectManager.DefaultFWLocation=true
PC2.Mode=Full_Duplex_Master
ProjectManager.DeletePrevious=true
RCC.APB1CLKDivider=RCC_HCLK_DIV2
USB_DEVICE.IPParameters=VirtualModeHS,CLASS_NAME_HS,VirtualMode-DFU_HS
USB_OTG_HS.VirtualMode-Device_Only_FS=Device_Only_FS
RCC.FamilyName=M
FATFS0.BSP.instance=PB5
PA13.Signal=SYS_JTMS-SWDIO
PA3.Mode=Asynchronous
PA9.Mode=Asynchronous
ProjectManager.TargetToolchain=EWARM V8.32
USB_DEVICE.VirtualMode-DFU_HS=Dfu
FATFS0.BSP.condition=
SH.ADCx_IN7.0=ADC2_IN7,IN7
ADC2.IPParameters=Rank-0\#ChannelRegularConversion,Channel-0\#ChannelRegularConversion,SamplingTime-0\#ChannelRegularConversion,NbrOfConversionFlag
PC6.Locked=true
PB9.Mode=Master
PA9.Signal=USART1_TX
PB5.Locked=true
PB9.Locked=true
SPI2.IPParameters=VirtualType,Mode,Direction,CalculateBaudRate
RCC.LSE_VALUE=32768
PB10.Signal=SPI2_SCK
RCC.VCOI2SOutputFreq_Value=384000000
PB14.Signal=USB_OTG_HS_DM
PD2.Mode=SD_4_bits_Wide_bus
FATFS.BSP.number=1
PA5.Signal=COMP_DAC2_group
PC12.Mode=SD_4_bits_Wide_bus
board=custom
RCC.VCOOutputFreq_Value=144000000
ProjectManager.LastFirmware=true
PB15.Mode=Device_Only_FS
RCC.APB2Freq_Value=72000000
MxCube.Version=5.6.1
Mcu.Pin37=VP_SYS_VS_Systick
Mcu.Pin38=VP_USB_DEVICE_VS_USB_DEVICE_DFU_HS
Mcu.Pin35=PB9
Mcu.Pin36=VP_FATFS_VS_SDIO
FATFS0.BSP.i2creg=
Mcu.Pin30=PB4
VP_SYS_VS_Systick.Mode=SysTick
RCC.EthernetFreq_Value=72000000
CAN2.CalculateTimeQuantum=444.44444444444446
Mcu.Pin33=PB7
PH1-OSC_OUT.Signal=RCC_OSC_OUT
Mcu.Pin34=PB8
Mcu.Pin31=PB5
Mcu.Pin32=PB6
NVIC.NonMaskableInt_IRQn=true\:0\:0\:false\:false\:true\:false\:false
VP_USB_DEVICE_VS_USB_DEVICE_DFU_HS.Signal=USB_DEVICE_VS_USB_DEVICE_DFU_HS
PA13.Mode=JTAG_5_pins
ProjectManager.FreePins=false
RCC.IPParameters=48MHZClocksFreq_Value,AHBFreq_Value,APB1CLKDivider,APB1Freq_Value,APB1TimFreq_Value,APB2Freq_Value,APB2TimFreq_Value,CortexFreq_Value,EthernetFreq_Value,FCLKCortexFreq_Value,FamilyName,HCLKFreq_Value,HSE_VALUE,HSI_VALUE,I2SClocksFreq_Value,LSE_VALUE,LSI_VALUE,MCO2PinFreq_Value,PLLCLKFreq_Value,PLLM,PLLN,PLLQ,PLLQCLKFreq_Value,RTCFreq_Value,RTCHSEDivFreq_Value,SYSCLKFreq_VALUE,SYSCLKSource,VCOI2SOutputFreq_Value,VCOInputFreq_Value,VCOOutputFreq_Value,VcooutputI2S
ProjectManager.AskForMigrate=true
Mcu.Name=STM32F405RGTx
Mcu.Pin26=PC11
Mcu.Pin27=PC12
RCC.RTCHSEDivFreq_Value=8000000
PA2.Signal=USART2_TX
Mcu.Pin24=PA15
ProjectManager.UnderRoot=false
Mcu.Pin25=PC10
Mcu.IP8=RCC
Mcu.IP9=SDIO
Mcu.Pin28=PD2
Mcu.IP6=I2C1
PC8.Mode=SD_4_bits_Wide_bus
Mcu.Pin29=PB3
Mcu.IP7=NVIC
ProjectManager.CoupleFile=false
RCC.48MHZClocksFreq_Value=48000000
PB3.Signal=SYS_JTDO-SWO
PA4.Signal=COMP_DAC1_group
RCC.SYSCLKFreq_VALUE=72000000
PB5.Signal=GPIO_Input
Mcu.Pin22=PA13
Mcu.Pin23=PA14
Mcu.Pin20=PA10
ADC1.master=1
Mcu.Pin21=PA12
ADC2.NbrOfConversionFlag=1
NVIC.ForceEnableDMAVector=true
KeepUserPlacement=false
PB5.GPIO_PuPd=GPIO_PULLUP
NVIC.MemoryManagement_IRQn=true\:0\:0\:false\:false\:true\:false\:false
USART1.VirtualMode=VM_ASYNC
ProjectManager.CompilerOptimize=6
PB7.Mode=I2C
PA14.Signal=SYS_JTCK-SWCLK
ProjectManager.HeapSize=0x200
Mcu.Pin15=PC6
NVIC.HardFault_IRQn=true\:0\:0\:false\:false\:true\:false\:false
Mcu.Pin16=PC7
Mcu.Pin13=PB14
Mcu.Pin14=PB15
Mcu.Pin19=PA9
ProjectManager.ComputerToolchain=false
Mcu.Pin17=PC8
RCC.HSI_VALUE=16000000
Mcu.Pin18=PC9
RCC.PLLQ=3
NVIC.PriorityGroup=NVIC_PRIORITYGROUP_4
ADC1.NbrOfConversionFlag=1
Mcu.Pin11=PB12
Mcu.Pin12=PB13
FATFS0.BSP.component=
RCC.PLLM=8
PB8.Mode=Master
RCC.PLLN=72
Mcu.Pin10=PB10
PA2.Mode=Asynchronous
PB8.Signal=CAN1_RX
PC9.Signal=SDIO_D1
PD2.Signal=SDIO_CMD
RCC.APB1Freq_Value=36000000
ProjectManager.DeviceId=STM32F405RGTx
PB12.Signal=CAN2_RX
FATFS0.BSP.name=Detect_SDIO
ProjectManager.LibraryCopy=0
PA7.Signal=ADCx_IN7
